
Microsoft Visual Studio Solution File, Format Version 12.00
# Visual Studio Version 17
VisualStudioVersion = 17.7.34031.279
MinimumVisualStudioVersion = 10.0.40219.1
Project("{F184B08F-C81C-45F6-A57F-5ABD9991F28F}") = "10.1 Using If…Then Statement", "10.1 Using If…Then Statement.vbproj", "{4F800D2D-C875-42D3-88A3-7F52C9885C1B}"
EndProject
Global
	GlobalSection(SolutionConfigurationPlatforms) = preSolution
		Debug|Any CPU = Debug|Any CPU
		Release|Any CPU = Release|Any CPU
	EndGlobalSection
	GlobalSection(ProjectConfigurationPlatforms) = postSolution
		{4F800D2D-C875-42D3-88A3-7F52C9885C1B}.Debug|Any CPU.ActiveCfg = Debug|Any CPU
		{4F800D2D-C875-42D3-88A3-7F52C9885C1B}.Debug|Any CPU.Build.0 = Debug|Any CPU
		{4F800D2D-C875-42D3-88A3-7F52C9885C1B}.Release|Any CPU.ActiveCfg = Release|Any CPU
		{4F800D2D-C875-42D3-88A3-7F52C9885C1B}.Release|Any CPU.Build.0 = Release|Any CPU
	EndGlobalSection
	GlobalSection(SolutionProperties) = preSolution
		HideSolutionNode = FALSE
	EndGlobalSection
	GlobalSection(ExtensibilityGlobals) = postSolution
		SolutionGuid = {CFDEBEF9-97BF-4876-9F52-33601F492BA4}
	EndGlobalSection
EndGlobal
